
Microsoft Visual Studio Solution File, Format Version 12.00
# Visual Studio 15
VisualStudioVersion = 15.0.28307.136
MinimumVisualStudioVersion = 10.0.40219.1
Project("{FAE04EC0-301F-11D3-BF4B-00C04F79EFBC}") = "App7.Android", "App7\App7.Android\App7.Android.csproj", "{4798C738-30AA-4C95-A6F6-E0E08E09E9EB}"
EndProject
Project("{FAE04EC0-301F-11D3-BF4B-00C04F79EFBC}") = "App7.iOS", "App7\App7.iOS\App7.iOS.csproj", "{66603C0E-662A-4C4E-8AE1-5716943031A3}"
EndProject
Project("{FAE04EC0-301F-11D3-BF4B-00C04F79EFBC}") = "App7", "App7\App7\App7.csproj", "{B2D7F0F7-121D-4BE9-BDA1-E01B9F18790C}"
EndProject
Global
	GlobalSection(SolutionConfigurationPlatforms) = preSolution
		Ad-Hoc|Any CPU = Ad-Hoc|Any CPU
		Ad-Hoc|iPhone = Ad-Hoc|iPhone
		Ad-Hoc|iPhoneSimulator = Ad-Hoc|iPhoneSimulator
		AppStore|Any CPU = AppStore|Any CPU
		AppStore|iPhone = AppStore|iPhone
		AppStore|iPhoneSimulator = AppStore|iPhoneSimulator
		Debug|Any CPU = Debug|Any CPU
		Debug|iPhone = Debug|iPhone
		Debug|iPhoneSimulator = Debug|iPhoneSimulator
		Release|Any CPU = Release|Any CPU
		Release|iPhone = Release|iPhone
		Release|iPhoneSimulator = Release|iPhoneSimulator
	EndGlobalSection
	GlobalSection(ProjectConfigurationPlatforms) = postSolution
		{4798C738-30AA-4C95-A6F6-E0E08E09E9EB}.Ad-Hoc|Any CPU.ActiveCfg = Release|Any CPU
		{4798C738-30AA-4C95-A6F6-E0E08E09E9EB}.Ad-Hoc|Any CPU.Build.0 = Release|Any CPU
		{4798C738-30AA-4C95-A6F6-E0E08E09E9EB}.Ad-Hoc|Any CPU.Deploy.0 = Release|Any CPU
		{4798C738-30AA-4C95-A6F6-E0E08E09E9EB}.Ad-Hoc|iPhone.ActiveCfg = Release|Any CPU
		{4798C738-30AA-4C95-A6F6-E0E08E09E9EB}.Ad-Hoc|iPhone.Build.0 = Release|Any CPU
		{4798C738-30AA-4C95-A6F6-E0E08E09E9EB}.Ad-Hoc|iPhone.Deploy.0 = Release|Any CPU
		{4798C738-30AA-4C95-A6F6-E0E08E09E9EB}.Ad-Hoc|iPhoneSimulator.ActiveCfg = Release|Any CPU
		{4798C738-30AA-4C95-A6F6-E0E08E09E9EB}.Ad-Hoc|iPhoneSimulator.Build.0 = Release|Any CPU
		{4798C738-30AA-4C95-A6F6-E0E08E09E9EB}.Ad-Hoc|iPhoneSimulator.Deploy.0 = Release|Any CPU
		{4798C738-30AA-4C95-A6F6-E0E08E09E9EB}.AppStore|Any CPU.ActiveCfg = Release|Any CPU
		{4798C738-30AA-4C95-A6F6-E0E08E09E9EB}.AppStore|Any CPU.Build.0 = Release|Any CPU
		{4798C738-30AA-4C95-A6F6-E0E08E09E9EB}.AppStore|Any CPU.Deploy.0 = Release|Any CPU
		{4798C738-30AA-4C95-A6F6-E0E08E09E9EB}.AppStore|iPhone.ActiveCfg = Release|Any CPU
		{4798C738-30AA-4C95-A6F6-E0E08E09E9EB}.AppStore|iPhone.Build.0 = Release|Any CPU
		{4798C738-30AA-4C95-A6F6-E0E08E09E9EB}.AppStore|iPhone.Deploy.0 = Release|Any CPU
		{4798C738-30AA-4C95-A6F6-E0E08E09E9EB}.AppStore|iPhoneSimulator.ActiveCfg = Release|Any CPU
		{4798C738-30AA-4C95-A6F6-E0E08E09E9EB}.AppStore|iPhoneSimulator.Build.0 = Release|Any CPU
		{4798C738-30AA-4C95-A6F6-E0E08E09E9EB}.AppStore|iPhoneSimulator.Deploy.0 = Release|Any CPU
		{4798C738-30AA-4C95-A6F6-E0E08E09E9EB}.Debug|Any CPU.ActiveCfg = Debug|Any CPU
		{4798C738-30AA-4C95-A6F6-E0E08E09E9EB}.Debug|Any CPU.Build.0 = Debug|Any CPU
		{4798C738-30AA-4C95-A6F6-E0E08E09E9EB}.Debug|Any CPU.Deploy.0 = Debug|Any CPU
		{4798C738-30AA-4C95-A6F6-E0E08E09E9EB}.Debug|iPhone.ActiveCfg = Debug|Any CPU
		{4798C738-30AA-4C95-A6F6-E0E08E09E9EB}.Debug|iPhone.Build.0 = Debug|Any CPU
		{4798C738-30AA-4C95-A6F6-E0E08E09E9EB}.Debug|iPhone.Deploy.0 = Debug|Any CPU
		{4798C738-30AA-4C95-A6F6-E0E08E09E9EB}.Debug|iPhoneSimulator.ActiveCfg = Debug|Any CPU
		{4798C738-30AA-4C95-A6F6-E0E08E09E9EB}.Debug|iPhoneSimulator.Build.0 = Debug|Any CPU
		{4798C738-30AA-4C95-A6F6-E0E08E09E9EB}.Debug|iPhoneSimulator.Deploy.0 = Debug|Any CPU
		{4798C738-30AA-4C95-A6F6-E0E08E09E9EB}.Release|Any CPU.ActiveCfg = Release|Any CPU
		{4798C738-30AA-4C95-A6F6-E0E08E09E9EB}.Release|Any CPU.Build.0 = Release|Any CPU
		{4798C738-30AA-4C95-A6F6-E0E08E09E9EB}.Release|Any CPU.Deploy.0 = Release|Any CPU
		{4798C738-30AA-4C95-A6F6-E0E08E09E9EB}.Release|iPhone.ActiveCfg = Release|Any CPU
		{4798C738-30AA-4C95-A6F6-E0E08E09E9EB}.Release|iPhone.Build.0 = Release|Any CPU
		{4798C738-30AA-4C95-A6F6-E0E08E09E9EB}.Release|iPhone.Deploy.0 = Release|Any CPU
		{4798C738-30AA-4C95-A6F6-E0E08E09E9EB}.Release|iPhoneSimulator.ActiveCfg = Release|Any CPU
		{4798C738-30AA-4C95-A6F6-E0E08E09E9EB}.Release|iPhoneSimulator.Build.0 = Release|Any CPU
		{4798C738-30AA-4C95-A6F6-E0E08E09E9EB}.Release|iPhoneSimulator.Deploy.0 = Release|Any CPU
		{66603C0E-662A-4C4E-8AE1-5716943031A3}.Ad-Hoc|Any CPU.ActiveCfg = Ad-Hoc|iPhone
		{66603C0E-662A-4C4E-8AE1-5716943031A3}.Ad-Hoc|Any CPU.Build.0 = Ad-Hoc|iPhone
		{66603C0E-662A-4C4E-8AE1-5716943031A3}.Ad-Hoc|Any CPU.Deploy.0 = Ad-Hoc|iPhone
		{66603C0E-662A-4C4E-8AE1-5716943031A3}.Ad-Hoc|iPhone.ActiveCfg = Ad-Hoc|iPhone
		{66603C0E-662A-4C4E-8AE1-5716943031A3}.Ad-Hoc|iPhone.Build.0 = Ad-Hoc|iPhone
		{66603C0E-662A-4C4E-8AE1-5716943031A3}.Ad-Hoc|iPhone.Deploy.0 = Ad-Hoc|iPhone
		{66603C0E-662A-4C4E-8AE1-5716943031A3}.Ad-Hoc|iPhoneSimulator.ActiveCfg = Ad-Hoc|iPhoneSimulator
		{66603C0E-662A-4C4E-8AE1-5716943031A3}.Ad-Hoc|iPhoneSimulator.Build.0 = Ad-Hoc|iPhoneSimulator
		{66603C0E-662A-4C4E-8AE1-5716943031A3}.Ad-Hoc|iPhoneSimulator.Deploy.0 = Ad-Hoc|iPhoneSimulator
		{66603C0E-662A-4C4E-8AE1-5716943031A3}.AppStore|Any CPU.ActiveCfg = AppStore|iPhone
		{66603C0E-662A-4C4E-8AE1-5716943031A3}.AppStore|Any CPU.Build.0 = AppStore|iPhone
		{66603C0E-662A-4C4E-8AE1-5716943031A3}.AppStore|Any CPU.Deploy.0 = AppStore|iPhone
		{66603C0E-662A-4C4E-8AE1-5716943031A3}.AppStore|iPhone.ActiveCfg = AppStore|iPhone
		{66603C0E-662A-4C4E-8AE1-5716943031A3}.AppStore|iPhone.Build.0 = AppStore|iPhone
		{66603C0E-662A-4C4E-8AE1-5716943031A3}.AppStore|iPhone.Deploy.0 = AppStore|iPhone
		{66603C0E-662A-4C4E-8AE1-5716943031A3}.AppStore|iPhoneSimulator.ActiveCfg = AppStore|iPhoneSimulator
		{66603C0E-662A-4C4E-8AE1-5716943031A3}.AppStore|iPhoneSimulator.Build.0 = AppStore|iPhoneSimulator
		{66603C0E-662A-4C4E-8AE1-5716943031A3}.AppStore|iPhoneSimulator.Deploy.0 = AppStore|iPhoneSimulator
		{66603C0E-662A-4C4E-8AE1-5716943031A3}.Debug|Any CPU.ActiveCfg = Debug|iPhoneSimulator
		{66603C0E-662A-4C4E-8AE1-5716943031A3}.Debug|Any CPU.Build.0 = Debug|iPhoneSimulator
		{66603C0E-662A-4C4E-8AE1-5716943031A3}.Debug|Any CPU.Deploy.0 = Debug|iPhoneSimulator
		{66603C0E-662A-4C4E-8AE1-5716943031A3}.Debug|iPhone.ActiveCfg = Debug|iPhone
		{66603C0E-662A-4C4E-8AE1-5716943031A3}.Debug|iPhone.Build.0 = Debug|iPhone
		{66603C0E-662A-4C4E-8AE1-5716943031A3}.Debug|iPhone.Deploy.0 = Debug|iPhone
		{66603C0E-662A-4C4E-8AE1-5716943031A3}.Debug|iPhoneSimulator.ActiveCfg = Debug|iPhoneSimulator
		{66603C0E-662A-4C4E-8AE1-5716943031A3}.Debug|iPhoneSimulator.Build.0 = Debug|iPhoneSimulator
		{66603C0E-662A-4C4E-8AE1-5716943031A3}.Debug|iPhoneSimulator.Deploy.0 = Debug|iPhoneSimulator
		{66603C0E-662A-4C4E-8AE1-5716943031A3}.Release|Any CPU.ActiveCfg = Release|iPhone
		{66603C0E-662A-4C4E-8AE1-5716943031A3}.Release|Any CPU.Build.0 = Release|iPhone
		{66603C0E-662A-4C4E-8AE1-5716943031A3}.Release|Any CPU.Deploy.0 = Release|iPhone
		{66603C0E-662A-4C4E-8AE1-5716943031A3}.Release|iPhone.ActiveCfg = Release|iPhone
		{66603C0E-662A-4C4E-8AE1-5716943031A3}.Release|iPhone.Build.0 = Release|iPhone
		{66603C0E-662A-4C4E-8AE1-5716943031A3}.Release|iPhone.Deploy.0 = Release|iPhone
		{66603C0E-662A-4C4E-8AE1-5716943031A3}.Release|iPhoneSimulator.ActiveCfg = Release|iPhoneSimulator
		{66603C0E-662A-4C4E-8AE1-5716943031A3}.Release|iPhoneSimulator.Build.0 = Release|iPhoneSimulator
		{66603C0E-662A-4C4E-8AE1-5716943031A3}.Release|iPhoneSimulator.Deploy.0 = Release|iPhoneSimulator
		{B2D7F0F7-121D-4BE9-BDA1-E01B9F18790C}.Ad-Hoc|Any CPU.ActiveCfg = Debug|Any CPU
		{B2D7F0F7-121D-4BE9-BDA1-E01B9F18790C}.Ad-Hoc|Any CPU.Build.0 = Debug|Any CPU
		{B2D7F0F7-121D-4BE9-BDA1-E01B9F18790C}.Ad-Hoc|Any CPU.Deploy.0 = Debug|Any CPU
		{B2D7F0F7-121D-4BE9-BDA1-E01B9F18790C}.Ad-Hoc|iPhone.ActiveCfg = Debug|Any CPU
		{B2D7F0F7-121D-4BE9-BDA1-E01B9F18790C}.Ad-Hoc|iPhone.Build.0 = Debug|Any CPU
		{B2D7F0F7-121D-4BE9-BDA1-E01B9F18790C}.Ad-Hoc|iPhone.Deploy.0 = Debug|Any CPU
		{B2D7F0F7-121D-4BE9-BDA1-E01B9F18790C}.Ad-Hoc|iPhoneSimulator.ActiveCfg = Debug|Any CPU
		{B2D7F0F7-121D-4BE9-BDA1-E01B9F18790C}.Ad-Hoc|iPhoneSimulator.Build.0 = Debug|Any CPU
		{B2D7F0F7-121D-4BE9-BDA1-E01B9F18790C}.Ad-Hoc|iPhoneSimulator.Deploy.0 = Debug|Any CPU
		{B2D7F0F7-121D-4BE9-BDA1-E01B9F18790C}.AppStore|Any CPU.ActiveCfg = Debug|Any CPU
		{B2D7F0F7-121D-4BE9-BDA1-E01B9F18790C}.AppStore|Any CPU.Build.0 = Debug|Any CPU
		{B2D7F0F7-121D-4BE9-BDA1-E01B9F18790C}.AppStore|Any CPU.Deploy.0 = Debug|Any CPU
		{B2D7F0F7-121D-4BE9-BDA1-E01B9F18790C}.AppStore|iPhone.ActiveCfg = Debug|Any CPU
		{B2D7F0F7-121D-4BE9-BDA1-E01B9F18790C}.AppStore|iPhone.Build.0 = Debug|Any CPU
		{B2D7F0F7-121D-4BE9-BDA1-E01B9F18790C}.AppStore|iPhone.Deploy.0 = Debug|Any CPU
		{B2D7F0F7-121D-4BE9-BDA1-E01B9F18790C}.AppStore|iPhoneSimulator.ActiveCfg = Debug|Any CPU
		{B2D7F0F7-121D-4BE9-BDA1-E01B9F18790C}.AppStore|iPhoneSimulator.Build.0 = Debug|Any CPU
		{B2D7F0F7-121D-4BE9-BDA1-E01B9F18790C}.AppStore|iPhoneSimulator.Deploy.0 = Debug|Any CPU
		{B2D7F0F7-121D-4BE9-BDA1-E01B9F18790C}.Debug|Any CPU.ActiveCfg = Debug|Any CPU
		{B2D7F0F7-121D-4BE9-BDA1-E01B9F18790C}.Debug|Any CPU.Build.0 = Debug|Any CPU
		{B2D7F0F7-121D-4BE9-BDA1-E01B9F18790C}.Debug|Any CPU.Deploy.0 = Debug|Any CPU
		{B2D7F0F7-121D-4BE9-BDA1-E01B9F18790C}.Debug|iPhone.ActiveCfg = Debug|Any CPU
		{B2D7F0F7-121D-4BE9-BDA1-E01B9F18790C}.Debug|iPhone.Build.0 = Debug|Any CPU
		{B2D7F0F7-121D-4BE9-BDA1-E01B9F18790C}.Debug|iPhone.Deploy.0 = Debug|Any CPU
		{B2D7F0F7-121D-4BE9-BDA1-E01B9F18790C}.Debug|iPhoneSimulator.ActiveCfg = Debug|Any CPU
		{B2D7F0F7-121D-4BE9-BDA1-E01B9F18790C}.Debug|iPhoneSimulator.Build.0 = Debug|Any CPU
		{B2D7F0F7-121D-4BE9-BDA1-E01B9F18790C}.Debug|iPhoneSimulator.Deploy.0 = Debug|Any CPU
		{B2D7F0F7-121D-4BE9-BDA1-E01B9F18790C}.Release|Any CPU.ActiveCfg = Release|Any CPU
		{B2D7F0F7-121D-4BE9-BDA1-E01B9F18790C}.Release|Any CPU.Build.0 = Release|Any CPU
		{B2D7F0F7-121D-4BE9-BDA1-E01B9F18790C}.Release|Any CPU.Deploy.0 = Release|Any CPU
		{B2D7F0F7-121D-4BE9-BDA1-E01B9F18790C}.Release|iPhone.ActiveCfg = Release|Any CPU
		{B2D7F0F7-121D-4BE9-BDA1-E01B9F18790C}.Release|iPhone.Build.0 = Release|Any CPU
		{B2D7F0F7-121D-4BE9-BDA1-E01B9F18790C}.Release|iPhone.Deploy.0 = Release|Any CPU
		{B2D7F0F7-121D-4BE9-BDA1-E01B9F18790C}.Release|iPhoneSimulator.ActiveCfg = Release|Any CPU
		{B2D7F0F7-121D-4BE9-BDA1-E01B9F18790C}.Release|iPhoneSimulator.Build.0 = Release|Any CPU
		{B2D7F0F7-121D-4BE9-BDA1-E01B9F18790C}.Release|iPhoneSimulator.Deploy.0 = Release|Any CPU
	EndGlobalSection
	GlobalSection(SolutionProperties) = preSolution
		HideSolutionNode = FALSE
	EndGlobalSection
	GlobalSection(ExtensibilityGlobals) = postSolution
		SolutionGuid = {A8AB321C-025E-4F57-BD7C-174BA3296ABD}
	EndGlobalSection
EndGlobal
